
Microsoft Visual Studio Solution File, Format Version 12.00
# Visual Studio Version 17
VisualStudioVersion = 17.10.34928.147
MinimumVisualStudioVersion = 10.0.40219.1
Project("{8BC9CEB8-8B4A-11D0-8D11-00A0C91BC942}") = "TEST01", "TEST01\TEST01.vcxproj", "{B75DD0F3-0DFE-48C8-AFF3-6F8CC448FC37}"
EndProject
Global
	GlobalSection(SolutionConfigurationPlatforms) = preSolution
		Debug|x64 = Debug|x64
		Debug|x86 = Debug|x86
		Release|x64 = Release|x64
		Release|x86 = Release|x86
	EndGlobalSection
	GlobalSection(ProjectConfigurationPlatforms) = postSolution
		{B75DD0F3-0DFE-48C8-AFF3-6F8CC448FC37}.Debug|x64.ActiveCfg = Debug|x64
		{B75DD0F3-0DFE-48C8-AFF3-6F8CC448FC37}.Debug|x64.Build.0 = Debug|x64
		{B75DD0F3-0DFE-48C8-AFF3-6F8CC448FC37}.Debug|x86.ActiveCfg = Debug|Win32
		{B75DD0F3-0DFE-48C8-AFF3-6F8CC448FC37}.Debug|x86.Build.0 = Debug|Win32
		{B75DD0F3-0DFE-48C8-AFF3-6F8CC448FC37}.Release|x64.ActiveCfg = Release|x64
		{B75DD0F3-0DFE-48C8-AFF3-6F8CC448FC37}.Release|x64.Build.0 = Release|x64
		{B75DD0F3-0DFE-48C8-AFF3-6F8CC448FC37}.Release|x86.ActiveCfg = Release|Win32
		{B75DD0F3-0DFE-48C8-AFF3-6F8CC448FC37}.Release|x86.Build.0 = Release|Win32
	EndGlobalSection
	GlobalSection(SolutionProperties) = preSolution
		HideSolutionNode = FALSE
	EndGlobalSection
	GlobalSection(ExtensibilityGlobals) = postSolution
		SolutionGuid = {FB5AF8E7-D0DE-4C93-AE23-E644B4C82C3C}
	EndGlobalSection
EndGlobal
